
Microsoft Visual Studio Solution File, Format Version 12.00
# Visual Studio Version 17
VisualStudioVersion = 17.14.36518.9 d17.14
MinimumVisualStudioVersion = 10.0.40219.1
Project("{FAE04EC0-301F-11D3-BF4B-00C04F79EFBC}") = "CanIPickleItAPI", "CanIPickleItAPI\CanIPickleItAPI.csproj", "{DED02CB2-841E-4627-8CB0-292C967BCA95}"
EndProject
Global
	GlobalSection(SolutionConfigurationPlatforms) = preSolution
		Debug|Any CPU = Debug|Any CPU
		Release|Any CPU = Release|Any CPU
	EndGlobalSection
	GlobalSection(ProjectConfigurationPlatforms) = postSolution
		{DED02CB2-841E-4627-8CB0-292C967BCA95}.Debug|Any CPU.ActiveCfg = Debug|Any CPU
		{DED02CB2-841E-4627-8CB0-292C967BCA95}.Debug|Any CPU.Build.0 = Debug|Any CPU
		{DED02CB2-841E-4627-8CB0-292C967BCA95}.Release|Any CPU.ActiveCfg = Release|Any CPU
		{DED02CB2-841E-4627-8CB0-292C967BCA95}.Release|Any CPU.Build.0 = Release|Any CPU
	EndGlobalSection
	GlobalSection(SolutionProperties) = preSolution
		HideSolutionNode = FALSE
	EndGlobalSection
	GlobalSection(ExtensibilityGlobals) = postSolution
		SolutionGuid = {635CAC82-ABE4-4F1A-8584-A1E693ED437C}
	EndGlobalSection
EndGlobal
